
Microsoft Visual Studio Solution File, Format Version 12.00
# Visual Studio Version 17
VisualStudioVersion = 17.4.33103.184
MinimumVisualStudioVersion = 10.0.40219.1
Project("{FAE04EC0-301F-11D3-BF4B-00C04F79EFBC}") = "Downloader", "Downloader.csproj", "{B32BE75C-09D8-4F9B-A943-812B3B6D4550}"
EndProject
Global
	GlobalSection(SolutionConfigurationPlatforms) = preSolution
		Debug|Any CPU = Debug|Any CPU
		Release|Any CPU = Release|Any CPU
	EndGlobalSection
	GlobalSection(ProjectConfigurationPlatforms) = postSolution
		{B32BE75C-09D8-4F9B-A943-812B3B6D4550}.Debug|Any CPU.ActiveCfg = Debug|Any CPU
		{B32BE75C-09D8-4F9B-A943-812B3B6D4550}.Debug|Any CPU.Build.0 = Debug|Any CPU
		{B32BE75C-09D8-4F9B-A943-812B3B6D4550}.Release|Any CPU.ActiveCfg = Release|Any CPU
		{B32BE75C-09D8-4F9B-A943-812B3B6D4550}.Release|Any CPU.Build.0 = Release|Any CPU
	EndGlobalSection
	GlobalSection(SolutionProperties) = preSolution
		HideSolutionNode = FALSE
	EndGlobalSection
	GlobalSection(ExtensibilityGlobals) = postSolution
		SolutionGuid = {61853A31-AD6D-443F-9164-120F6B1AC5C0}
	EndGlobalSection
EndGlobal
